Microsoft Visual Studio Solution File, Format Version 12.00
# Visual Studio 14
Project("{8BC9CEB8-8B4A-11D0-8D11-00A0C91BC942}") = "ALL_BUILD", "ALL_BUILD.vcxproj", "{5530E411-6E50-30FD-99B8-43D92CC8AFEB}"
	ProjectSection(ProjectDependencies) = postProject
		{578DF6D0-D831-3805-8031-C2B349860DBC} = {578DF6D0-D831-3805-8031-C2B349860DBC}
		{F53D3C89-3835-330B-BB84-A7D107AC5882} = {F53D3C89-3835-330B-BB84-A7D107AC5882}
		{F63392A0-997E-3D22-B8D6-4E32731AE5F7} = {F63392A0-997E-3D22-B8D6-4E32731AE5F7}
		{2BCA9E52-B670-34BC-BDF5-62CBD54F2E4F} = {2BCA9E52-B670-34BC-BDF5-62CBD54F2E4F}
		{BD5CBBF7-39B1-3B52-9544-92F1C5F3D0A5} = {BD5CBBF7-39B1-3B52-9544-92F1C5F3D0A5}
		{F0A3E762-6B03-3BDB-B512-027B0AA95C77} = {F0A3E762-6B03-3BDB-B512-027B0AA95C77}
		{053707EE-76E8-37C0-BE69-57D9E08F2CF0} = {053707EE-76E8-37C0-BE69-57D9E08F2CF0}
		{AF61DECD-00AD-3962-BC35-9A3E796AF36E} = {AF61DECD-00AD-3962-BC35-9A3E796AF36E}
		{109353B6-BFA1-3B15-8B9A-C4F350A10F64} = {109353B6-BFA1-3B15-8B9A-C4F350A10F64}
		{D9DDF151-5BE1-33DA-BBAC-4F4966DC3557} = {D9DDF151-5BE1-33DA-BBAC-4F4966DC3557}
		{6B323EEE-AD85-34FA-A9EF-310404A69EDA} = {6B323EEE-AD85-34FA-A9EF-310404A69EDA}
		{5B1B0368-AC13-3CF5-B275-3111A9F6DF24} = {5B1B0368-AC13-3CF5-B275-3111A9F6DF24}
		{A76B5947-B939-3CFA-9ACB-9B585ADB8D02} = {A76B5947-B939-3CFA-9ACB-9B585ADB8D02}
	EndProjectSection
EndProject
Project("{8BC9CEB8-8B4A-11D0-8D11-00A0C91BC942}") = "INSTALL", "INSTALL.vcxproj", "{269009FF-39D7-308D-A768-C80AC3D52DAC}"
	ProjectSection(ProjectDependencies) = postProject
		{5530E411-6E50-30FD-99B8-43D92CC8AFEB} = {5530E411-6E50-30FD-99B8-43D92CC8AFEB}
		{578DF6D0-D831-3805-8031-C2B349860DBC} = {578DF6D0-D831-3805-8031-C2B349860DBC}
	EndProjectSection
EndProject
Project("{8BC9CEB8-8B4A-11D0-8D11-00A0C91BC942}") = "ZERO_CHECK", "ZERO_CHECK.vcxproj", "{578DF6D0-D831-3805-8031-C2B349860DBC}"
	ProjectSection(ProjectDependencies) = postProject
	EndProjectSection
EndProject
Project("{8BC9CEB8-8B4A-11D0-8D11-00A0C91BC942}") = "example1", "example1.vcxproj", "{F53D3C89-3835-330B-BB84-A7D107AC5882}"
	ProjectSection(ProjectDependencies) = postProject
		{578DF6D0-D831-3805-8031-C2B349860DBC} = {578DF6D0-D831-3805-8031-C2B349860DBC}
		{6B323EEE-AD85-34FA-A9EF-310404A69EDA} = {6B323EEE-AD85-34FA-A9EF-310404A69EDA}
	EndProjectSection
EndProject
Project("{8BC9CEB8-8B4A-11D0-8D11-00A0C91BC942}") = "example1a", "example1a.vcxproj", "{F63392A0-997E-3D22-B8D6-4E32731AE5F7}"
	ProjectSection(ProjectDependencies) = postProject
		{578DF6D0-D831-3805-8031-C2B349860DBC} = {578DF6D0-D831-3805-8031-C2B349860DBC}
		{6B323EEE-AD85-34FA-A9EF-310404A69EDA} = {6B323EEE-AD85-34FA-A9EF-310404A69EDA}
	EndProjectSection
EndProject
Project("{8BC9CEB8-8B4A-11D0-8D11-00A0C91BC942}") = "example1b", "example1b.vcxproj", "{2BCA9E52-B670-34BC-BDF5-62CBD54F2E4F}"
	ProjectSection(ProjectDependencies) = postProject
		{578DF6D0-D831-3805-8031-C2B349860DBC} = {578DF6D0-D831-3805-8031-C2B349860DBC}
		{6B323EEE-AD85-34FA-A9EF-310404A69EDA} = {6B323EEE-AD85-34FA-A9EF-310404A69EDA}
	EndProjectSection
EndProject
Project("{8BC9CEB8-8B4A-11D0-8D11-00A0C91BC942}") = "example2", "example2.vcxproj", "{BD5CBBF7-39B1-3B52-9544-92F1C5F3D0A5}"
	ProjectSection(ProjectDependencies) = postProject
		{578DF6D0-D831-3805-8031-C2B349860DBC} = {578DF6D0-D831-3805-8031-C2B349860DBC}
		{6B323EEE-AD85-34FA-A9EF-310404A69EDA} = {6B323EEE-AD85-34FA-A9EF-310404A69EDA}
	EndProjectSection
EndProject
Project("{8BC9CEB8-8B4A-11D0-8D11-00A0C91BC942}") = "example3", "example3.vcxproj", "{F0A3E762-6B03-3BDB-B512-027B0AA95C77}"
	ProjectSection(ProjectDependencies) = postProject
		{578DF6D0-D831-3805-8031-C2B349860DBC} = {578DF6D0-D831-3805-8031-C2B349860DBC}
		{6B323EEE-AD85-34FA-A9EF-310404A69EDA} = {6B323EEE-AD85-34FA-A9EF-310404A69EDA}
	EndProjectSection
EndProject
Project("{8BC9CEB8-8B4A-11D0-8D11-00A0C91BC942}") = "example3b", "example3b.vcxproj", "{053707EE-76E8-37C0-BE69-57D9E08F2CF0}"
	ProjectSection(ProjectDependencies) = postProject
		{578DF6D0-D831-3805-8031-C2B349860DBC} = {578DF6D0-D831-3805-8031-C2B349860DBC}
		{6B323EEE-AD85-34FA-A9EF-310404A69EDA} = {6B323EEE-AD85-34FA-A9EF-310404A69EDA}
	EndProjectSection
EndProject
Project("{8BC9CEB8-8B4A-11D0-8D11-00A0C91BC942}") = "example4", "example4.vcxproj", "{AF61DECD-00AD-3962-BC35-9A3E796AF36E}"
	ProjectSection(ProjectDependencies) = postProject
		{578DF6D0-D831-3805-8031-C2B349860DBC} = {578DF6D0-D831-3805-8031-C2B349860DBC}
		{6B323EEE-AD85-34FA-A9EF-310404A69EDA} = {6B323EEE-AD85-34FA-A9EF-310404A69EDA}
	EndProjectSection
EndProject
Project("{8BC9CEB8-8B4A-11D0-8D11-00A0C91BC942}") = "example5", "example5.vcxproj", "{109353B6-BFA1-3B15-8B9A-C4F350A10F64}"
	ProjectSection(ProjectDependencies) = postProject
		{578DF6D0-D831-3805-8031-C2B349860DBC} = {578DF6D0-D831-3805-8031-C2B349860DBC}
		{6B323EEE-AD85-34FA-A9EF-310404A69EDA} = {6B323EEE-AD85-34FA-A9EF-310404A69EDA}
	EndProjectSection
EndProject
Project("{8BC9CEB8-8B4A-11D0-8D11-00A0C91BC942}") = "exampleLP", "exampleLP.vcxproj", "{D9DDF151-5BE1-33DA-BBAC-4F4966DC3557}"
	ProjectSection(ProjectDependencies) = postProject
		{578DF6D0-D831-3805-8031-C2B349860DBC} = {578DF6D0-D831-3805-8031-C2B349860DBC}
		{6B323EEE-AD85-34FA-A9EF-310404A69EDA} = {6B323EEE-AD85-34FA-A9EF-310404A69EDA}
	EndProjectSection
EndProject
Project("{8BC9CEB8-8B4A-11D0-8D11-00A0C91BC942}") = "qpOASES", "qpOASES.vcxproj", "{6B323EEE-AD85-34FA-A9EF-310404A69EDA}"
	ProjectSection(ProjectDependencies) = postProject
		{578DF6D0-D831-3805-8031-C2B349860DBC} = {578DF6D0-D831-3805-8031-C2B349860DBC}
	EndProjectSection
EndProject
Project("{8BC9CEB8-8B4A-11D0-8D11-00A0C91BC942}") = "qrecipe", "qrecipe.vcxproj", "{5B1B0368-AC13-3CF5-B275-3111A9F6DF24}"
	ProjectSection(ProjectDependencies) = postProject
		{578DF6D0-D831-3805-8031-C2B349860DBC} = {578DF6D0-D831-3805-8031-C2B349860DBC}
		{6B323EEE-AD85-34FA-A9EF-310404A69EDA} = {6B323EEE-AD85-34FA-A9EF-310404A69EDA}
	EndProjectSection
EndProject
Project("{8BC9CEB8-8B4A-11D0-8D11-00A0C91BC942}") = "qrecipeSchur", "qrecipeSchur.vcxproj", "{A76B5947-B939-3CFA-9ACB-9B585ADB8D02}"
	ProjectSection(ProjectDependencies) = postProject
		{578DF6D0-D831-3805-8031-C2B349860DBC} = {578DF6D0-D831-3805-8031-C2B349860DBC}
		{6B323EEE-AD85-34FA-A9EF-310404A69EDA} = {6B323EEE-AD85-34FA-A9EF-310404A69EDA}
	EndProjectSection
EndProject
Global
	GlobalSection(SolutionConfigurationPlatforms) = preSolution
		Debug|x64 = Debug|x64
		Release|x64 = Release|x64
		MinSizeRel|x64 = MinSizeRel|x64
		RelWithDebInfo|x64 = RelWithDebInfo|x64
	EndGlobalSection
	GlobalSection(ProjectConfigurationPlatforms) = postSolution
		{5530E411-6E50-30FD-99B8-43D92CC8AFEB}.Debug|x64.ActiveCfg = Debug|x64
		{5530E411-6E50-30FD-99B8-43D92CC8AFEB}.Debug|x64.Build.0 = Debug|x64
		{5530E411-6E50-30FD-99B8-43D92CC8AFEB}.Release|x64.ActiveCfg = Release|x64
		{5530E411-6E50-30FD-99B8-43D92CC8AFEB}.Release|x64.Build.0 = Release|x64
		{5530E411-6E50-30FD-99B8-43D92CC8AFEB}.MinSizeRel|x64.ActiveCfg = MinSizeRel|x64
		{5530E411-6E50-30FD-99B8-43D92CC8AFEB}.MinSizeRel|x64.Build.0 = MinSizeRel|x64
		{5530E411-6E50-30FD-99B8-43D92CC8AFEB}.RelWithDebInfo|x64.ActiveCfg = RelWithDebInfo|x64
		{5530E411-6E50-30FD-99B8-43D92CC8AFEB}.RelWithDebInfo|x64.Build.0 = RelWithDebInfo|x64
		{269009FF-39D7-308D-A768-C80AC3D52DAC}.Debug|x64.ActiveCfg = Debug|x64
		{269009FF-39D7-308D-A768-C80AC3D52DAC}.Release|x64.ActiveCfg = Release|x64
		{269009FF-39D7-308D-A768-C80AC3D52DAC}.MinSizeRel|x64.ActiveCfg = MinSizeRel|x64
		{269009FF-39D7-308D-A768-C80AC3D52DAC}.RelWithDebInfo|x64.ActiveCfg = RelWithDebInfo|x64
		{578DF6D0-D831-3805-8031-C2B349860DBC}.Debug|x64.ActiveCfg = Debug|x64
		{578DF6D0-D831-3805-8031-C2B349860DBC}.Debug|x64.Build.0 = Debug|x64
		{578DF6D0-D831-3805-8031-C2B349860DBC}.Release|x64.ActiveCfg = Release|x64
		{578DF6D0-D831-3805-8031-C2B349860DBC}.Release|x64.Build.0 = Release|x64
		{578DF6D0-D831-3805-8031-C2B349860DBC}.MinSizeRel|x64.ActiveCfg = MinSizeRel|x64
		{578DF6D0-D831-3805-8031-C2B349860DBC}.MinSizeRel|x64.Build.0 = MinSizeRel|x64
		{578DF6D0-D831-3805-8031-C2B349860DBC}.RelWithDebInfo|x64.ActiveCfg = RelWithDebInfo|x64
		{578DF6D0-D831-3805-8031-C2B349860DBC}.RelWithDebInfo|x64.Build.0 = RelWithDebInfo|x64
		{F53D3C89-3835-330B-BB84-A7D107AC5882}.Debug|x64.ActiveCfg = Debug|x64
		{F53D3C89-3835-330B-BB84-A7D107AC5882}.Debug|x64.Build.0 = Debug|x64
		{F53D3C89-3835-330B-BB84-A7D107AC5882}.Release|x64.ActiveCfg = Release|x64
		{F53D3C89-3835-330B-BB84-A7D107AC5882}.Release|x64.Build.0 = Release|x64
		{F53D3C89-3835-330B-BB84-A7D107AC5882}.MinSizeRel|x64.ActiveCfg = MinSizeRel|x64
		{F53D3C89-3835-330B-BB84-A7D107AC5882}.MinSizeRel|x64.Build.0 = MinSizeRel|x64
		{F53D3C89-3835-330B-BB84-A7D107AC5882}.RelWithDebInfo|x64.ActiveCfg = RelWithDebInfo|x64
		{F53D3C89-3835-330B-BB84-A7D107AC5882}.RelWithDebInfo|x64.Build.0 = RelWithDebInfo|x64
		{F63392A0-997E-3D22-B8D6-4E32731AE5F7}.Debug|x64.ActiveCfg = Debug|x64
		{F63392A0-997E-3D22-B8D6-4E32731AE5F7}.Debug|x64.Build.0 = Debug|x64
		{F63392A0-997E-3D22-B8D6-4E32731AE5F7}.Release|x64.ActiveCfg = Release|x64
		{F63392A0-997E-3D22-B8D6-4E32731AE5F7}.Release|x64.Build.0 = Release|x64
		{F63392A0-997E-3D22-B8D6-4E32731AE5F7}.MinSizeRel|x64.ActiveCfg = MinSizeRel|x64
		{F63392A0-997E-3D22-B8D6-4E32731AE5F7}.MinSizeRel|x64.Build.0 = MinSizeRel|x64
		{F63392A0-997E-3D22-B8D6-4E32731AE5F7}.RelWithDebInfo|x64.ActiveCfg = RelWithDebInfo|x64
		{F63392A0-997E-3D22-B8D6-4E32731AE5F7}.RelWithDebInfo|x64.Build.0 = RelWithDebInfo|x64
		{2BCA9E52-B670-34BC-BDF5-62CBD54F2E4F}.Debug|x64.ActiveCfg = Debug|x64
		{2BCA9E52-B670-34BC-BDF5-62CBD54F2E4F}.Debug|x64.Build.0 = Debug|x64
		{2BCA9E52-B670-34BC-BDF5-62CBD54F2E4F}.Release|x64.ActiveCfg = Release|x64
		{2BCA9E52-B670-34BC-BDF5-62CBD54F2E4F}.Release|x64.Build.0 = Release|x64
		{2BCA9E52-B670-34BC-BDF5-62CBD54F2E4F}.MinSizeRel|x64.ActiveCfg = MinSizeRel|x64
		{2BCA9E52-B670-34BC-BDF5-62CBD54F2E4F}.MinSizeRel|x64.Build.0 = MinSizeRel|x64
		{2BCA9E52-B670-34BC-BDF5-62CBD54F2E4F}.RelWithDebInfo|x64.ActiveCfg = RelWithDebInfo|x64
		{2BCA9E52-B670-34BC-BDF5-62CBD54F2E4F}.RelWithDebInfo|x64.Build.0 = RelWithDebInfo|x64
		{BD5CBBF7-39B1-3B52-9544-92F1C5F3D0A5}.Debug|x64.ActiveCfg = Debug|x64
		{BD5CBBF7-39B1-3B52-9544-92F1C5F3D0A5}.Debug|x64.Build.0 = Debug|x64
		{BD5CBBF7-39B1-3B52-9544-92F1C5F3D0A5}.Release|x64.ActiveCfg = Release|x64
		{BD5CBBF7-39B1-3B52-9544-92F1C5F3D0A5}.Release|x64.Build.0 = Release|x64
		{BD5CBBF7-39B1-3B52-9544-92F1C5F3D0A5}.MinSizeRel|x64.ActiveCfg = MinSizeRel|x64
		{BD5CBBF7-39B1-3B52-9544-92F1C5F3D0A5}.MinSizeRel|x64.Build.0 = MinSizeRel|x64
		{BD5CBBF7-39B1-3B52-9544-92F1C5F3D0A5}.RelWithDebInfo|x64.ActiveCfg = RelWithDebInfo|x64
		{BD5CBBF7-39B1-3B52-9544-92F1C5F3D0A5}.RelWithDebInfo|x64.Build.0 = RelWithDebInfo|x64
		{F0A3E762-6B03-3BDB-B512-027B0AA95C77}.Debug|x64.ActiveCfg = Debug|x64
		{F0A3E762-6B03-3BDB-B512-027B0AA95C77}.Debug|x64.Build.0 = Debug|x64
		{F0A3E762-6B03-3BDB-B512-027B0AA95C77}.Release|x64.ActiveCfg = Release|x64
		{F0A3E762-6B03-3BDB-B512-027B0AA95C77}.Release|x64.Build.0 = Release|x64
		{F0A3E762-6B03-3BDB-B512-027B0AA95C77}.MinSizeRel|x64.ActiveCfg = MinSizeRel|x64
		{F0A3E762-6B03-3BDB-B512-027B0AA95C77}.MinSizeRel|x64.Build.0 = MinSizeRel|x64
		{F0A3E762-6B03-3BDB-B512-027B0AA95C77}.RelWithDebInfo|x64.ActiveCfg = RelWithDebInfo|x64
		{F0A3E762-6B03-3BDB-B512-027B0AA95C77}.RelWithDebInfo|x64.Build.0 = RelWithDebInfo|x64
		{053707EE-76E8-37C0-BE69-57D9E08F2CF0}.Debug|x64.ActiveCfg = Debug|x64
		{053707EE-76E8-37C0-BE69-57D9E08F2CF0}.Debug|x64.Build.0 = Debug|x64
		{053707EE-76E8-37C0-BE69-57D9E08F2CF0}.Release|x64.ActiveCfg = Release|x64
		{053707EE-76E8-37C0-BE69-57D9E08F2CF0}.Release|x64.Build.0 = Release|x64
		{053707EE-76E8-37C0-BE69-57D9E08F2CF0}.MinSizeRel|x64.ActiveCfg = MinSizeRel|x64
		{053707EE-76E8-37C0-BE69-57D9E08F2CF0}.MinSizeRel|x64.Build.0 = MinSizeRel|x64
		{053707EE-76E8-37C0-BE69-57D9E08F2CF0}.RelWithDebInfo|x64.ActiveCfg = RelWithDebInfo|x64
		{053707EE-76E8-37C0-BE69-57D9E08F2CF0}.RelWithDebInfo|x64.Build.0 = RelWithDebInfo|x64
		{AF61DECD-00AD-3962-BC35-9A3E796AF36E}.Debug|x64.ActiveCfg = Debug|x64
		{AF61DECD-00AD-3962-BC35-9A3E796AF36E}.Debug|x64.Build.0 = Debug|x64
		{AF61DECD-00AD-3962-BC35-9A3E796AF36E}.Release|x64.ActiveCfg = Release|x64
		{AF61DECD-00AD-3962-BC35-9A3E796AF36E}.Release|x64.Build.0 = Release|x64
		{AF61DECD-00AD-3962-BC35-9A3E796AF36E}.MinSizeRel|x64.ActiveCfg = MinSizeRel|x64
		{AF61DECD-00AD-3962-BC35-9A3E796AF36E}.MinSizeRel|x64.Build.0 = MinSizeRel|x64
		{AF61DECD-00AD-3962-BC35-9A3E796AF36E}.RelWithDebInfo|x64.ActiveCfg = RelWithDebInfo|x64
		{AF61DECD-00AD-3962-BC35-9A3E796AF36E}.RelWithDebInfo|x64.Build.0 = RelWithDebInfo|x64
		{109353B6-BFA1-3B15-8B9A-C4F350A10F64}.Debug|x64.ActiveCfg = Debug|x64
		{109353B6-BFA1-3B15-8B9A-C4F350A10F64}.Debug|x64.Build.0 = Debug|x64
		{109353B6-BFA1-3B15-8B9A-C4F350A10F64}.Release|x64.ActiveCfg = Release|x64
		{109353B6-BFA1-3B15-8B9A-C4F350A10F64}.Release|x64.Build.0 = Release|x64
		{109353B6-BFA1-3B15-8B9A-C4F350A10F64}.MinSizeRel|x64.ActiveCfg = MinSizeRel|x64
		{109353B6-BFA1-3B15-8B9A-C4F350A10F64}.MinSizeRel|x64.Build.0 = MinSizeRel|x64
		{109353B6-BFA1-3B15-8B9A-C4F350A10F64}.RelWithDebInfo|x64.ActiveCfg = RelWithDebInfo|x64
		{109353B6-BFA1-3B15-8B9A-C4F350A10F64}.RelWithDebInfo|x64.Build.0 = RelWithDebInfo|x64
		{D9DDF151-5BE1-33DA-BBAC-4F4966DC3557}.Debug|x64.ActiveCfg = Debug|x64
		{D9DDF151-5BE1-33DA-BBAC-4F4966DC3557}.Debug|x64.Build.0 = Debug|x64
		{D9DDF151-5BE1-33DA-BBAC-4F4966DC3557}.Release|x64.ActiveCfg = Release|x64
		{D9DDF151-5BE1-33DA-BBAC-4F4966DC3557}.Release|x64.Build.0 = Release|x64
		{D9DDF151-5BE1-33DA-BBAC-4F4966DC3557}.MinSizeRel|x64.ActiveCfg = MinSizeRel|x64
		{D9DDF151-5BE1-33DA-BBAC-4F4966DC3557}.MinSizeRel|x64.Build.0 = MinSizeRel|x64
		{D9DDF151-5BE1-33DA-BBAC-4F4966DC3557}.RelWithDebInfo|x64.ActiveCfg = RelWithDebInfo|x64
		{D9DDF151-5BE1-33DA-BBAC-4F4966DC3557}.RelWithDebInfo|x64.Build.0 = RelWithDebInfo|x64
		{6B323EEE-AD85-34FA-A9EF-310404A69EDA}.Debug|x64.ActiveCfg = Debug|x64
		{6B323EEE-AD85-34FA-A9EF-310404A69EDA}.Debug|x64.Build.0 = Debug|x64
		{6B323EEE-AD85-34FA-A9EF-310404A69EDA}.Release|x64.ActiveCfg = Release|x64
		{6B323EEE-AD85-34FA-A9EF-310404A69EDA}.Release|x64.Build.0 = Release|x64
		{6B323EEE-AD85-34FA-A9EF-310404A69EDA}.MinSizeRel|x64.ActiveCfg = MinSizeRel|x64
		{6B323EEE-AD85-34FA-A9EF-310404A69EDA}.MinSizeRel|x64.Build.0 = MinSizeRel|x64
		{6B323EEE-AD85-34FA-A9EF-310404A69EDA}.RelWithDebInfo|x64.ActiveCfg = RelWithDebInfo|x64
		{6B323EEE-AD85-34FA-A9EF-310404A69EDA}.RelWithDebInfo|x64.Build.0 = RelWithDebInfo|x64
		{5B1B0368-AC13-3CF5-B275-3111A9F6DF24}.Debug|x64.ActiveCfg = Debug|x64
		{5B1B0368-AC13-3CF5-B275-3111A9F6DF24}.Debug|x64.Build.0 = Debug|x64
		{5B1B0368-AC13-3CF5-B275-3111A9F6DF24}.Release|x64.ActiveCfg = Release|x64
		{5B1B0368-AC13-3CF5-B275-3111A9F6DF24}.Release|x64.Build.0 = Release|x64
		{5B1B0368-AC13-3CF5-B275-3111A9F6DF24}.MinSizeRel|x64.ActiveCfg = MinSizeRel|x64
		{5B1B0368-AC13-3CF5-B275-3111A9F6DF24}.MinSizeRel|x64.Build.0 = MinSizeRel|x64
		{5B1B0368-AC13-3CF5-B275-3111A9F6DF24}.RelWithDebInfo|x64.ActiveCfg = RelWithDebInfo|x64
		{5B1B0368-AC13-3CF5-B275-3111A9F6DF24}.RelWithDebInfo|x64.Build.0 = RelWithDebInfo|x64
		{A76B5947-B939-3CFA-9ACB-9B585ADB8D02}.Debug|x64.ActiveCfg = Debug|x64
		{A76B5947-B939-3CFA-9ACB-9B585ADB8D02}.Debug|x64.Build.0 = Debug|x64
		{A76B5947-B939-3CFA-9ACB-9B585ADB8D02}.Release|x64.ActiveCfg = Release|x64
		{A76B5947-B939-3CFA-9ACB-9B585ADB8D02}.Release|x64.Build.0 = Release|x64
		{A76B5947-B939-3CFA-9ACB-9B585ADB8D02}.MinSizeRel|x64.ActiveCfg = MinSizeRel|x64
		{A76B5947-B939-3CFA-9ACB-9B585ADB8D02}.MinSizeRel|x64.Build.0 = MinSizeRel|x64
		{A76B5947-B939-3CFA-9ACB-9B585ADB8D02}.RelWithDebInfo|x64.ActiveCfg = RelWithDebInfo|x64
		{A76B5947-B939-3CFA-9ACB-9B585ADB8D02}.RelWithDebInfo|x64.Build.0 = RelWithDebInfo|x64
	EndGlobalSection
	GlobalSection(ExtensibilityGlobals) = postSolution
		SolutionGuid = {EA2D2409-0195-3DB6-99D3-E651D42A6E19}
	EndGlobalSection
	GlobalSection(ExtensibilityAddIns) = postSolution
	EndGlobalSection
EndGlobal
